// !$*UTF8*$!
{
	archiveVersion = 1;
	classes = {
	};
	objectVersion = 46;
	objects = {

/* Begin PBXBuildFile section */
		389716C718D98C4F00C6826F /* Foundation.framework in Frameworks */ = {isa = PBXBuildFile; fileRef = 389716C618D98C4F00C6826F /* Foundation.framework */; };
		389716CA18D98C4F00C6826F /* main.m in Sources */ = {isa = PBXBuildFile; fileRef = 389716C918D98C4F00C6826F /* main.m */; };
		389716CE18D98C4F00C6826F /* OSXSimpleAuth.1 in CopyFiles */ = {isa = PBXBuildFile; fileRef = 389716CD18D98C4F00C6826F /* OSXSimpleAuth.1 */; };
/* End PBXBuildFile section */

/* Begin PBXCopyFilesBuildPhase section */
		389716C118D98C4F00C6826F /* CopyFiles */ = {
			isa = PBXCopyFilesBuildPhase;
			buildActionMask = 2147483647;
			dstPath = /usr/share/man/man1/;
			dstSubfolderSpec = 0;
			files = (
				389716CE18D98C4F00C6826F /* OSXSimpleAuth.1 in CopyFiles */,
			);
			runOnlyForDeploymentPostprocessing = 1;
		};
/* End PBXCopyFilesBuildPhase section */

/* Begin PBXFileReference section */
		389716C318D98C4F00C6826F /* OSXSimpleAuth */ = {isa = PBXFileReference; explicitFileType = "compiled.mach-o.executable"; includeInIndex = 0; path = OSXSimpleAuth; sourceTree = BUILT_PRODUCTS_DIR; };
		389716C618D98C4F00C6826F /* Foundation.framework */ = {isa = PBXFileReference; lastKnownFileType = wrapper.framework; name = Foundation.framework; path = System/Library/Frameworks/Foundation.framework; sourceTree = SDKROOT; };
		389716C918D98C4F00C6826F /* main.m */ = {isa = PBXFileReference; lastKnownFileType = sourcecode.c.objc; path = main.m; sourceTree = "<group>"; };
		389716CC18D98C4F00C6826F /* OSXSimpleAuth-Prefix.pch */ = {isa = PBXFileReference; lastKnownFileType = sourcecode.c.h; path = "OSXSimpleAuth-Prefix.pch"; sourceTree = "<group>"; };
		389716CD18D98C4F00C6826F /* OSXSimpleAuth.1 */ = {isa = PBXFileReference; lastKnownFileType = text.man; path = OSXSimpleAuth.1; sourceTree = "<group>"; };
/* End PBXFileReference section */

/* Begin PBXFrameworksBuildPhase section */
		389716C018D98C4F00C6826F /* Frameworks */ = {
			isa = PBXFrameworksBuildPhase;
			buildActionMask = 2147483647;
			files = (
				389716C718D98C4F00C6826F /* Foundation.framework in Frameworks */,
			);
			runOnlyForDeploymentPostprocessing = 0;
		};
/* End PBXFrameworksBuildPhase section */

/* Begin PBXGroup section */
		389716BA18D98C4F00C6826F = {
			isa = PBXGroup;
			children = (
				389716C818D98C4F00C6826F /* OSXSimpleAuth */,
				389716C518D98C4F00C6826F /* Frameworks */,
				389716C418D98C4F00C6826F /* Products */,
			);
			sourceTree = "<group>";
		};
		389716C418D98C4F00C6826F /* Products */ = {
			isa = PBXGroup;
			children = (
				389716C318D98C4F00C6826F /* OSXSimpleAuth */,
			);
			name = Products;
			sourceTree = "<group>";
		};
		389716C518D98C4F00C6826F /* Frameworks */ = {
			isa = PBXGroup;
			children = (
				389716C618D98C4F00C6826F /* Foundation.framework */,
			);
			name = Frameworks;
			sourceTree = "<group>";
		};
		389716C818D98C4F00C6826F /* OSXSimpleAuth */ = {
			isa = PBXGroup;
			children = (
				389716C918D98C4F00C6826F /* main.m */,
				389716CD18D98C4F00C6826F /* OSXSimpleAuth.1 */,
				389716CB18D98C4F00C6826F /* Supporting Files */,
			);
			path = OSXSimpleAuth;
			sourceTree = "<group>";
		};
		389716CB18D98C4F00C6826F /* Supporting Files */ = {
			isa = PBXGroup;
			children = (
				389716CC18D98C4F00C6826F /* OSXSimpleAuth-Prefix.pch */,
			);
			name = "Supporting Files";
			sourceTree = "<group>";
		};
/* End PBXGroup section */

/* Begin PBXNativeTarget section */
		389716C218D98C4F00C6826F /* OSXSimpleAuth */ = {
			isa = PBXNativeTarget;
			buildConfigurationList = 389716D118D98C4F00C6826F /* Build configuration list for PBXNativeTarget "OSXSimpleAuth" */;
			buildPhases = (
				389716BF18D98C4F00C6826F /* Sources */,
				389716C018D98C4F00C6826F /* Frameworks */,
				389716C118D98C4F00C6826F /* CopyFiles */,
			);
			buildRules = (
			);
			dependencies = (
			);
			name = OSXSimpleAuth;
			productName = OSXSimpleAuth;
			productReference = 389716C318D98C4F00C6826F /* OSXSimpleAuth */;
			productType = "com.apple.product-type.tool";
		};
/* End PBXNativeTarget section */

/* Begin PBXProject section */
		389716BB18D98C4F00C6826F /* Project object */ = {
			isa = PBXProject;
			attributes = {
				LastUpgradeCheck = 0510;
			};
			buildConfigurationList = 389716BE18D98C4F00C6826F /* Build configuration list for PBXProject "OSXSimpleAuth" */;
			compatibilityVersion = "Xcode 3.2";
			developmentRegion = English;
			hasScannedForEncodings = 0;
			knownRegions = (
				en,
			);
			mainGroup = 389716BA18D98C4F00C6826F;
			productRefGroup = 389716C418D98C4F00C6826F /* Products */;
			projectDirPath = "";
			projectRoot = "";
			targets = (
				389716C218D98C4F00C6826F /* OSXSimpleAuth */,
			);
		};
/* End PBXProject section */

/* Begin PBXSourcesBuildPhase section */
		389716BF18D98C4F00C6826F /* Sources */ = {
			isa = PBXSourcesBuildPhase;
			buildActionMask = 2147483647;
			files = (
				389716CA18D98C4F00C6826F /* main.m in Sources */,
			);
			runOnlyForDeploymentPostprocessing = 0;
		};
/* End PBXSourcesBuildPhase section */

/* Begin XCBuildConfiguration section */
		389716CF18D98C4F00C6826F /* Debug */ = {
			isa = XCBuildConfiguration;
			buildSettings = {
				ALWAYS_SEARCH_USER_PATHS = NO;
				CLANG_CXX_LANGUAGE_STANDARD = "gnu++0x";
				CLANG_CXX_LIBRARY = "libc++";
				CLANG_ENABLE_MODULES = YES;
				CLANG_ENABLE_OBJC_ARC = YES;
				CLANG_WARN_BOOL_CONVERSION = YES;
				CLANG_WARN_CONSTANT_CONVERSION = YES;
				CLANG_WARN_DIRECT_OBJC_ISA_USAGE = YES_ERROR;
				CLANG_WARN_EMPTY_BODY = YES;
				CLANG_WARN_ENUM_CONVERSION = YES;
				CLANG_WARN_INT_CONVERSION = YES;
				CLANG_WARN_OBJC_ROOT_CLASS = YES_ERROR;
				CLANG_WARN__DUPLICATE_METHOD_MATCH = YES;
				COPY_PHASE_STRIP = NO;
				GCC_C_LANGUAGE_STANDARD = gnu99;
				GCC_DYNAMIC_NO_PIC = NO;
				GCC_ENABLE_OBJC_EXCEPTIONS = YES;
				GCC_OPTIMIZATION_LEVEL = 0;
				GCC_PREPROCESSOR_DEFINITIONS = (
					"DEBUG=1",
					"$(inherited)",
				);
				GCC_SYMBOLS_PRIVATE_EXTERN = NO;
				GCC_WARN_64_TO_32_BIT_CONVERSION = YES;
				GCC_WARN_ABOUT_RETURN_TYPE = YES_ERROR;
				GCC_WARN_UNDECLARED_SELECTOR = YES;
				GCC_WARN_UNINITIALIZED_AUTOS = YES_AGGRESSIVE;
				GCC_WARN_UNUSED_FUNCTION = YES;
				GCC_WARN_UNUSED_VARIABLE = YES;
				MACOSX_DEPLOYMENT_TARGET = 10.9;
				ONLY_ACTIVE_ARCH = YES;
				SDKROOT = macosx;
			};
			name = Debug;
		};
		389716D018D98C4F00C6826F /* Release */ = {
			isa = XCBuildConfiguration;
			buildSettings = {
				ALWAYS_SEARCH_USER_PATHS = NO;
				CLANG_CXX_LANGUAGE_STANDARD = "gnu++0x";
				CLANG_CXX_LIBRARY = "libc++";
				CLANG_ENABLE_MODULES = YES;
				CLANG_ENABLE_OBJC_ARC = YES;
				CLANG_WARN_BOOL_CONVERSION = YES;
				CLANG_WARN_CONSTANT_CONVERSION = YES;
				CLANG_WARN_DIRECT_OBJC_ISA_USAGE = YES_ERROR;
				CLANG_WARN_EMPTY_BODY = YES;
				CLANG_WARN_ENUM_CONVERSION = YES;
				CLANG_WARN_INT_CONVERSION = YES;
				CLANG_WARN_OBJC_ROOT_CLASS = YES_ERROR;
				CLANG_WARN__DUPLICATE_METHOD_MATCH = YES;
				COPY_PHASE_STRIP = YES;
				DEBUG_INFORMATION_FORMAT = "dwarf-with-dsym";
				ENABLE_NS_ASSERTIONS = NO;
				GCC_C_LANGUAGE_STANDARD = gnu99;
				GCC_ENABLE_OBJC_EXCEPTIONS = YES;
				GCC_WARN_64_TO_32_BIT_CONVERSION = YES;
				GCC_WARN_ABOUT_RETURN_TYPE = YES_ERROR;
				GCC_WARN_UNDECLARED_SELECTOR = YES;
				GCC_WARN_UNINITIALIZED_AUTOS = YES_AGGRESSIVE;
				GCC_WARN_UNUSED_FUNCTION = YES;
				GCC_WARN_UNUSED_VARIABLE = YES;
				MACOSX_DEPLOYMENT_TARGET = 10.9;
				SDKROOT = macosx;
			};
			name = Release;
		};
		389716D218D98C4F00C6826F /* Debug */ = {
			isa = XCBuildConfiguration;
			buildSettings = {
				GCC_PRECOMPILE_PREFIX_HEADER = YES;
				GCC_PREFIX_HEADER = "OSXSimpleAuth/OSXSimpleAuth-Prefix.pch";
				PRODUCT_NAME = "$(TARGET_NAME)";
			};
			name = Debug;
		};
		389716D318D98C4F00C6826F /* Release */ = {
			isa = XCBuildConfiguration;
			buildSettings = {
				GCC_PRECOMPILE_PREFIX_HEADER = YES;
				GCC_PREFIX_HEADER = "OSXSimpleAuth/OSXSimpleAuth-Prefix.pch";
				PRODUCT_NAME = "$(TARGET_NAME)";
			};
			name = Release;
		};
/* End XCBuildConfiguration section */

/* Begin XCConfigurationList section */
		389716BE18D98C4F00C6826F /* Build configuration list for PBXProject "OSXSimpleAuth" */ = {
			isa = XCConfigurationList;
			buildConfigurations = (
				389716CF18D98C4F00C6826F /* Debug */,
				389716D018D98C4F00C6826F /* Release */,
			);
			defaultConfigurationIsVisible = 0;
			defaultConfigurationName = Release;
		};
		389716D118D98C4F00C6826F /* Build configuration list for PBXNativeTarget "OSXSimpleAuth" */ = {
			isa = XCConfigurationList;
			buildConfigurations = (
				389716D218D98C4F00C6826F /* Debug */,
				389716D318D98C4F00C6826F /* Release */,
			);
			defaultConfigurationIsVisible = 0;
		};
/* End XCConfigurationList section */
	};
	rootObject = 389716BB18D98C4F00C6826F /* Project object */;
}
